
Microsoft Visual Studio Solution File, Format Version 12.00
# Visual Studio Version 17
VisualStudioVersion = 17.11.35222.181
MinimumVisualStudioVersion = 10.0.40219.1
Project("{FAE04EC0-301F-11D3-BF4B-00C04F79EFBC}") = "BookStore", "BookStore\BookStore.csproj", "{200C5FEC-5353-498A-A6B9-C043B31DC7EB}"
EndProject
Global
	GlobalSection(SolutionConfigurationPlatforms) = preSolution
		Debug|Any CPU = Debug|Any CPU
		Release|Any CPU = Release|Any CPU
	EndGlobalSection
	GlobalSection(ProjectConfigurationPlatforms) = postSolution
		{200C5FEC-5353-498A-A6B9-C043B31DC7EB}.Debug|Any CPU.ActiveCfg = Debug|Any CPU
		{200C5FEC-5353-498A-A6B9-C043B31DC7EB}.Debug|Any CPU.Build.0 = Debug|Any CPU
		{200C5FEC-5353-498A-A6B9-C043B31DC7EB}.Release|Any CPU.ActiveCfg = Release|Any CPU
		{200C5FEC-5353-498A-A6B9-C043B31DC7EB}.Release|Any CPU.Build.0 = Release|Any CPU
	EndGlobalSection
	GlobalSection(SolutionProperties) = preSolution
		HideSolutionNode = FALSE
	EndGlobalSection
	GlobalSection(ExtensibilityGlobals) = postSolution
		SolutionGuid = {42F96537-DC44-4349-8128-740EE5088ECB}
	EndGlobalSection
EndGlobal
